
Microsoft Visual Studio Solution File, Format Version 11.00
# Visual Studio 2010
Project("{FAE04EC0-301F-11D3-BF4B-00C04F79EFBC}") = "Assembly-CSharp-firstpass", "Assembly-CSharp-firstpass.csproj", "{7BCD68E5-65D7-C253-967F-DDA8BC0E7F68}"
EndProject
Project("{FAE04EC0-301F-11D3-BF4B-00C04F79EFBC}") = "Assembly-CSharp", "Assembly-CSharp.csproj", "{840B26AC-54E0-B4C5-435A-6818353C63B7}"
EndProject
Project("{FAE04EC0-301F-11D3-BF4B-00C04F79EFBC}") = "Assembly-CSharp-Editor-firstpass", "Assembly-CSharp-Editor-firstpass.csproj", "{E5CD0AAE-E3D9-4928-F978-D424E2F9C211}"
EndProject
Project("{FAE04EC0-301F-11D3-BF4B-00C04F79EFBC}") = "Assembly-CSharp-Editor", "Assembly-CSharp-Editor.csproj", "{E6B5FDDE-569F-AF28-AF3F-2A02FDBB6DE3}"
EndProject
Global
	GlobalSection(SolutionConfigurationPlatforms) = preSolution
		Debug|Any CPU = Debug|Any CPU
		Release|Any CPU = Release|Any CPU
	EndGlobalSection
	GlobalSection(ProjectConfigurationPlatforms) = postSolution
		{7BCD68E5-65D7-C253-967F-DDA8BC0E7F68}.Debug|Any CPU.ActiveCfg = Debug|Any CPU
		{7BCD68E5-65D7-C253-967F-DDA8BC0E7F68}.Debug|Any CPU.Build.0 = Debug|Any CPU
		{7BCD68E5-65D7-C253-967F-DDA8BC0E7F68}.Release|Any CPU.ActiveCfg = Release|Any CPU
		{7BCD68E5-65D7-C253-967F-DDA8BC0E7F68}.Release|Any CPU.Build.0 = Release|Any CPU
		{840B26AC-54E0-B4C5-435A-6818353C63B7}.Debug|Any CPU.ActiveCfg = Debug|Any CPU
		{840B26AC-54E0-B4C5-435A-6818353C63B7}.Debug|Any CPU.Build.0 = Debug|Any CPU
		{840B26AC-54E0-B4C5-435A-6818353C63B7}.Release|Any CPU.ActiveCfg = Release|Any CPU
		{840B26AC-54E0-B4C5-435A-6818353C63B7}.Release|Any CPU.Build.0 = Release|Any CPU
		{E5CD0AAE-E3D9-4928-F978-D424E2F9C211}.Debug|Any CPU.ActiveCfg = Debug|Any CPU
		{E5CD0AAE-E3D9-4928-F978-D424E2F9C211}.Debug|Any CPU.Build.0 = Debug|Any CPU
		{E5CD0AAE-E3D9-4928-F978-D424E2F9C211}.Release|Any CPU.ActiveCfg = Release|Any CPU
		{E5CD0AAE-E3D9-4928-F978-D424E2F9C211}.Release|Any CPU.Build.0 = Release|Any CPU
		{E6B5FDDE-569F-AF28-AF3F-2A02FDBB6DE3}.Debug|Any CPU.ActiveCfg = Debug|Any CPU
		{E6B5FDDE-569F-AF28-AF3F-2A02FDBB6DE3}.Debug|Any CPU.Build.0 = Debug|Any CPU
		{E6B5FDDE-569F-AF28-AF3F-2A02FDBB6DE3}.Release|Any CPU.ActiveCfg = Release|Any CPU
		{E6B5FDDE-569F-AF28-AF3F-2A02FDBB6DE3}.Release|Any CPU.Build.0 = Release|Any CPU
	EndGlobalSection
	GlobalSection(SolutionProperties) = preSolution
		HideSolutionNode = FALSE
	EndGlobalSection
	GlobalSection(MonoDevelopProperties) = preSolution
		StartupItem = Assembly-CSharp.csproj
	EndGlobalSection
EndGlobal
